dependencies:
  espressif/mdns:
    component_hash: 9ff9c578fc3a5ea3c68e807233e47f2ce6b2492a92d7a9356ae5c29ab45f0fde
    source:
      service_url: https://api.components.espressif.com/
      type: service
    version: 1.3.0
  hansj66/dynamixel2espressif:
    component_hash: 6c019a1256b11463621e0753a3aa47ae35f028567d4b70daa4a5d3b79235f3cd
    source:
      service_url: https://api.components.espressif.com/
      type: service
    version: 0.0.4
  idf:
    component_hash: null
    source:
      type: idf
    version: 5.1.1
manifest_hash: 69dadc6e2c281caf89a893b8fb25585b49cd6efceac949acd2c6fa4de6a717a0
target: esp32
version: 1.0.0
